
Microsoft Visual Studio Solution File, Format Version 11.00
# Visual Studio 2010
Project("{8BC9CEB8-8B4A-11D0-8D11-00A0C91BC942}") = "Main", "Main\Main.vcxproj", "{EA36F6FC-B1C5-413B-844B-FB87CC756922}"
EndProject
Project("{2150E333-8FDC-42A3-9474-1A3956D46DE8}") = "DllSTL", "DllSTL", "{CBA40D58-BAE3-4403-9FFA-B11621671E30}"
EndProject
Project("{8BC9CEB8-8B4A-11D0-8D11-00A0C91BC942}") = "DllStl", "DllStl\DllStl.vcxproj", "{55AED23D-A87B-453A-AAF2-3DF35B2E7568}"
EndProject
Project("{2150E333-8FDC-42A3-9474-1A3956D46DE8}") = "Network", "Network", "{80F71B56-CBCC-46D6-8516-A8F58C7C8A88}"
EndProject
Project("{8BC9CEB8-8B4A-11D0-8D11-00A0C91BC942}") = "Client", "Client\Client.vcxproj", "{C442B610-110D-41B0-86B8-0B3416989DBE}"
EndProject
Project("{8BC9CEB8-8B4A-11D0-8D11-00A0C91BC942}") = "ClientPipe", "ClientPipe\ClientPipe.vcxproj", "{6D3897B8-4BFA-4DD6-8AD7-F2CC5679344B}"
EndProject
Project("{8BC9CEB8-8B4A-11D0-8D11-00A0C91BC942}") = "IocpPipeSrv", "IocpPipeSrv\IocpPipeSrv.vcxproj", "{792C6175-7168-46C3-BB80-CBF218265CF4}"
EndProject
Project("{8BC9CEB8-8B4A-11D0-8D11-00A0C91BC942}") = "IocpServer", "IocpServer\IocpServer.vcxproj", "{4C78E08D-DC11-4B7D-8CCD-5BE343D596F4}"
EndProject
Project("{8BC9CEB8-8B4A-11D0-8D11-00A0C91BC942}") = "OperatorOverload", "OperatorOverload\OperatorOverload.vcxproj", "{F2800A86-670A-4CD7-964C-9E7C226AE5FC}"
EndProject
Project("{2150E333-8FDC-42A3-9474-1A3956D46DE8}") = "Performance", "Performance", "{4BAC1B7F-BC7E-4B42-9EAA-C358BC61C3FD}"
EndProject
Project("{8BC9CEB8-8B4A-11D0-8D11-00A0C91BC942}") = "ThreadpoolAPIs", "ThreadpoolAPIs\ThreadpoolAPIs.vcxproj", "{F3E67B78-81A4-47BD-82C2-8F925F7D37D1}"
EndProject
Project("{2150E333-8FDC-42A3-9474-1A3956D46DE8}") = "Memory", "Memory", "{61855C76-C607-4AF7-91C6-8FDC89F14B11}"
EndProject
Project("{8BC9CEB8-8B4A-11D0-8D11-00A0C91BC942}") = "MemoryAlloc", "MemoryAlloc\MemoryAlloc.vcxproj", "{9E375952-443D-4979-911A-11F77E2DB224}"
EndProject
Project("{8BC9CEB8-8B4A-11D0-8D11-00A0C91BC942}") = "TestMemory", "TestMemory\TestMemory.vcxproj", "{34A415A0-AC06-427E-BE20-AC78342255DB}"
EndProject
Project("{2150E333-8FDC-42A3-9474-1A3956D46DE8}") = "Exception", "Exception", "{898A2287-7204-48B8-9129-7DA233D5D2A1}"
EndProject
Project("{8BC9CEB8-8B4A-11D0-8D11-00A0C91BC942}") = "StructExceptionHandle", "StructExceptionHandle\StructExceptionHandle.vcxproj", "{F6A9F85D-C1AC-4146-823B-71187DCEDEB6}"
EndProject
Project("{8BC9CEB8-8B4A-11D0-8D11-00A0C91BC942}") = "Performance", "Performance\Performance.vcxproj", "{53368D11-A37D-4274-94B5-4E7BC39FC5DB}"
EndProject
Project("{8BC9CEB8-8B4A-11D0-8D11-00A0C91BC942}") = "Parallel", "Parallel\Parallel.vcxproj", "{842AFF4A-319E-4964-90D8-6414D873D79A}"
EndProject
Project("{2150E333-8FDC-42A3-9474-1A3956D46DE8}") = "GDI", "GDI", "{FFC64567-3F79-40A0-AC4D-2458467205BD}"
EndProject
Project("{8BC9CEB8-8B4A-11D0-8D11-00A0C91BC942}") = "FillRGN", "FillRGN\FillRGN.vcxproj", "{4AA88D45-B9F9-46CE-866B-37B61042934B}"
EndProject
Project("{2150E333-8FDC-42A3-9474-1A3956D46DE8}") = "IO", "IO", "{8AF0F79C-7134-4A21-8B05-120DD4C7162E}"
EndProject
Project("{8BC9CEB8-8B4A-11D0-8D11-00A0C91BC942}") = "FileMapping", "FileMapping\FileMapping.vcxproj", "{EFB6CF18-10AB-48BF-88A1-AA57EF078182}"
EndProject
Project("{8BC9CEB8-8B4A-11D0-8D11-00A0C91BC942}") = "Exception", "Exception\Exception.vcxproj", "{E272D559-6930-49BE-8638-BA702B9BA51F}"
EndProject
Project("{8BC9CEB8-8B4A-11D0-8D11-00A0C91BC942}") = "CpuInformation", "CpuInformation\CpuInformation.vcxproj", "{ACE2DA81-74EF-4528-A9E4-BEE26C3473CE}"
EndProject
Project("{2150E333-8FDC-42A3-9474-1A3956D46DE8}") = "Template", "Template", "{25208DE5-ACD8-4C26-A4D8-2F9E4B6A7D64}"
EndProject
Project("{8BC9CEB8-8B4A-11D0-8D11-00A0C91BC942}") = "Container", "Container\Container.vcxproj", "{07049B77-5EE5-4802-B0AD-D02670694C7C}"
EndProject
Project("{8BC9CEB8-8B4A-11D0-8D11-00A0C91BC942}") = "SizeAndAlign", "SizeAndAlign\SizeAndAlign.vcxproj", "{300D6681-3A75-490C-8081-015C2F1BE665}"
EndProject
Project("{2150E333-8FDC-42A3-9474-1A3956D46DE8}") = "Debuging", "Debuging", "{E7A06C75-1BC6-4981-9AD0-CAD749CAC34C}"
EndProject
Project("{8BC9CEB8-8B4A-11D0-8D11-00A0C91BC942}") = "Assert", "Assert\Assert.vcxproj", "{593B9F05-FACA-471E-801F-3070A6A3F97C}"
EndProject
Project("{2150E333-8FDC-42A3-9474-1A3956D46DE8}") = "Array", "Array", "{EA830FA7-E7D9-44B0-8638-28A1065ADAC8}"
EndProject
Project("{8BC9CEB8-8B4A-11D0-8D11-00A0C91BC942}") = "Array", "Array\Array.vcxproj", "{9A83CACA-9CF7-42BA-860A-03AF02A2965E}"
EndProject
Project("{8BC9CEB8-8B4A-11D0-8D11-00A0C91BC942}") = "OpenCVT", "OpenCVT\OpenCVT.vcxproj", "{3909783F-82A0-421B-980C-3775712E16C2}"
EndProject
Project("{8BC9CEB8-8B4A-11D0-8D11-00A0C91BC942}") = "PPL", "PPL\PPL.vcxproj", "{869AF81B-A977-42EC-A306-BB3816CB3544}"
EndProject
Project("{8BC9CEB8-8B4A-11D0-8D11-00A0C91BC942}") = "PlacementNew", "PlacementNew\PlacementNew.vcxproj", "{5CB1A29D-8796-454D-B03D-8E2E63F01AC2}"
EndProject
Project("{8BC9CEB8-8B4A-11D0-8D11-00A0C91BC942}") = "Dump", "Dump\Dump.vcxproj", "{614ACAFE-3B51-4798-A77A-6ABE0864DB4D}"
EndProject
Global
	GlobalSection(SolutionConfigurationPlatforms) = preSolution
		Debug|Win32 = Debug|Win32
		Release|Win32 = Release|Win32
	EndGlobalSection
	GlobalSection(ProjectConfigurationPlatforms) = postSolution
		{EA36F6FC-B1C5-413B-844B-FB87CC756922}.Debug|Win32.ActiveCfg = Debug|Win32
		{EA36F6FC-B1C5-413B-844B-FB87CC756922}.Debug|Win32.Build.0 = Debug|Win32
		{EA36F6FC-B1C5-413B-844B-FB87CC756922}.Release|Win32.ActiveCfg = Release|Win32
		{EA36F6FC-B1C5-413B-844B-FB87CC756922}.Release|Win32.Build.0 = Release|Win32
		{55AED23D-A87B-453A-AAF2-3DF35B2E7568}.Debug|Win32.ActiveCfg = Debug|Win32
		{55AED23D-A87B-453A-AAF2-3DF35B2E7568}.Debug|Win32.Build.0 = Debug|Win32
		{55AED23D-A87B-453A-AAF2-3DF35B2E7568}.Release|Win32.ActiveCfg = Release|Win32
		{55AED23D-A87B-453A-AAF2-3DF35B2E7568}.Release|Win32.Build.0 = Release|Win32
		{C442B610-110D-41B0-86B8-0B3416989DBE}.Debug|Win32.ActiveCfg = Debug|Win32
		{C442B610-110D-41B0-86B8-0B3416989DBE}.Debug|Win32.Build.0 = Debug|Win32
		{C442B610-110D-41B0-86B8-0B3416989DBE}.Release|Win32.ActiveCfg = Release|Win32
		{C442B610-110D-41B0-86B8-0B3416989DBE}.Release|Win32.Build.0 = Release|Win32
		{6D3897B8-4BFA-4DD6-8AD7-F2CC5679344B}.Debug|Win32.ActiveCfg = Debug|Win32
		{6D3897B8-4BFA-4DD6-8AD7-F2CC5679344B}.Debug|Win32.Build.0 = Debug|Win32
		{6D3897B8-4BFA-4DD6-8AD7-F2CC5679344B}.Release|Win32.ActiveCfg = Release|Win32
		{6D3897B8-4BFA-4DD6-8AD7-F2CC5679344B}.Release|Win32.Build.0 = Release|Win32
		{792C6175-7168-46C3-BB80-CBF218265CF4}.Debug|Win32.ActiveCfg = Debug|Win32
		{792C6175-7168-46C3-BB80-CBF218265CF4}.Debug|Win32.Build.0 = Debug|Win32
		{792C6175-7168-46C3-BB80-CBF218265CF4}.Release|Win32.ActiveCfg = Release|Win32
		{792C6175-7168-46C3-BB80-CBF218265CF4}.Release|Win32.Build.0 = Release|Win32
		{4C78E08D-DC11-4B7D-8CCD-5BE343D596F4}.Debug|Win32.ActiveCfg = Debug|Win32
		{4C78E08D-DC11-4B7D-8CCD-5BE343D596F4}.Debug|Win32.Build.0 = Debug|Win32
		{4C78E08D-DC11-4B7D-8CCD-5BE343D596F4}.Release|Win32.ActiveCfg = Release|Win32
		{4C78E08D-DC11-4B7D-8CCD-5BE343D596F4}.Release|Win32.Build.0 = Release|Win32
		{F2800A86-670A-4CD7-964C-9E7C226AE5FC}.Debug|Win32.ActiveCfg = Debug|Win32
		{F2800A86-670A-4CD7-964C-9E7C226AE5FC}.Debug|Win32.Build.0 = Debug|Win32
		{F2800A86-670A-4CD7-964C-9E7C226AE5FC}.Release|Win32.ActiveCfg = Release|Win32
		{F2800A86-670A-4CD7-964C-9E7C226AE5FC}.Release|Win32.Build.0 = Release|Win32
		{F3E67B78-81A4-47BD-82C2-8F925F7D37D1}.Debug|Win32.ActiveCfg = Debug|Win32
		{F3E67B78-81A4-47BD-82C2-8F925F7D37D1}.Debug|Win32.Build.0 = Debug|Win32
		{F3E67B78-81A4-47BD-82C2-8F925F7D37D1}.Release|Win32.ActiveCfg = Release|Win32
		{F3E67B78-81A4-47BD-82C2-8F925F7D37D1}.Release|Win32.Build.0 = Release|Win32
		{9E375952-443D-4979-911A-11F77E2DB224}.Debug|Win32.ActiveCfg = Debug|Win32
		{9E375952-443D-4979-911A-11F77E2DB224}.Debug|Win32.Build.0 = Debug|Win32
		{9E375952-443D-4979-911A-11F77E2DB224}.Release|Win32.ActiveCfg = Release|Win32
		{9E375952-443D-4979-911A-11F77E2DB224}.Release|Win32.Build.0 = Release|Win32
		{34A415A0-AC06-427E-BE20-AC78342255DB}.Debug|Win32.ActiveCfg = Debug|Win32
		{34A415A0-AC06-427E-BE20-AC78342255DB}.Debug|Win32.Build.0 = Debug|Win32
		{34A415A0-AC06-427E-BE20-AC78342255DB}.Release|Win32.ActiveCfg = Release|Win32
		{34A415A0-AC06-427E-BE20-AC78342255DB}.Release|Win32.Build.0 = Release|Win32
		{F6A9F85D-C1AC-4146-823B-71187DCEDEB6}.Debug|Win32.ActiveCfg = Debug|Win32
		{F6A9F85D-C1AC-4146-823B-71187DCEDEB6}.Debug|Win32.Build.0 = Debug|Win32
		{F6A9F85D-C1AC-4146-823B-71187DCEDEB6}.Release|Win32.ActiveCfg = Release|Win32
		{F6A9F85D-C1AC-4146-823B-71187DCEDEB6}.Release|Win32.Build.0 = Release|Win32
		{53368D11-A37D-4274-94B5-4E7BC39FC5DB}.Debug|Win32.ActiveCfg = Debug|Win32
		{53368D11-A37D-4274-94B5-4E7BC39FC5DB}.Debug|Win32.Build.0 = Debug|Win32
		{53368D11-A37D-4274-94B5-4E7BC39FC5DB}.Release|Win32.ActiveCfg = Release|Win32
		{53368D11-A37D-4274-94B5-4E7BC39FC5DB}.Release|Win32.Build.0 = Release|Win32
		{842AFF4A-319E-4964-90D8-6414D873D79A}.Debug|Win32.ActiveCfg = Debug|Win32
		{842AFF4A-319E-4964-90D8-6414D873D79A}.Debug|Win32.Build.0 = Debug|Win32
		{842AFF4A-319E-4964-90D8-6414D873D79A}.Release|Win32.ActiveCfg = Release|Win32
		{842AFF4A-319E-4964-90D8-6414D873D79A}.Release|Win32.Build.0 = Release|Win32
		{4AA88D45-B9F9-46CE-866B-37B61042934B}.Debug|Win32.ActiveCfg = Debug|Win32
		{4AA88D45-B9F9-46CE-866B-37B61042934B}.Debug|Win32.Build.0 = Debug|Win32
		{4AA88D45-B9F9-46CE-866B-37B61042934B}.Release|Win32.ActiveCfg = Release|Win32
		{4AA88D45-B9F9-46CE-866B-37B61042934B}.Release|Win32.Build.0 = Release|Win32
		{EFB6CF18-10AB-48BF-88A1-AA57EF078182}.Debug|Win32.ActiveCfg = Debug|Win32
		{EFB6CF18-10AB-48BF-88A1-AA57EF078182}.Debug|Win32.Build.0 = Debug|Win32
		{EFB6CF18-10AB-48BF-88A1-AA57EF078182}.Release|Win32.ActiveCfg = Release|Win32
		{EFB6CF18-10AB-48BF-88A1-AA57EF078182}.Release|Win32.Build.0 = Release|Win32
		{E272D559-6930-49BE-8638-BA702B9BA51F}.Debug|Win32.ActiveCfg = Debug|Win32
		{E272D559-6930-49BE-8638-BA702B9BA51F}.Debug|Win32.Build.0 = Debug|Win32
		{E272D559-6930-49BE-8638-BA702B9BA51F}.Release|Win32.ActiveCfg = Release|Win32
		{E272D559-6930-49BE-8638-BA702B9BA51F}.Release|Win32.Build.0 = Release|Win32
		{ACE2DA81-74EF-4528-A9E4-BEE26C3473CE}.Debug|Win32.ActiveCfg = Debug|Win32
		{ACE2DA81-74EF-4528-A9E4-BEE26C3473CE}.Debug|Win32.Build.0 = Debug|Win32
		{ACE2DA81-74EF-4528-A9E4-BEE26C3473CE}.Release|Win32.ActiveCfg = Release|Win32
		{ACE2DA81-74EF-4528-A9E4-BEE26C3473CE}.Release|Win32.Build.0 = Release|Win32
		{07049B77-5EE5-4802-B0AD-D02670694C7C}.Debug|Win32.ActiveCfg = Debug|Win32
		{07049B77-5EE5-4802-B0AD-D02670694C7C}.Debug|Win32.Build.0 = Debug|Win32
		{07049B77-5EE5-4802-B0AD-D02670694C7C}.Release|Win32.ActiveCfg = Release|Win32
		{07049B77-5EE5-4802-B0AD-D02670694C7C}.Release|Win32.Build.0 = Release|Win32
		{300D6681-3A75-490C-8081-015C2F1BE665}.Debug|Win32.ActiveCfg = Debug|Win32
		{300D6681-3A75-490C-8081-015C2F1BE665}.Debug|Win32.Build.0 = Debug|Win32
		{300D6681-3A75-490C-8081-015C2F1BE665}.Release|Win32.ActiveCfg = Release|Win32
		{300D6681-3A75-490C-8081-015C2F1BE665}.Release|Win32.Build.0 = Release|Win32
		{593B9F05-FACA-471E-801F-3070A6A3F97C}.Debug|Win32.ActiveCfg = Debug|Win32
		{593B9F05-FACA-471E-801F-3070A6A3F97C}.Debug|Win32.Build.0 = Debug|Win32
		{593B9F05-FACA-471E-801F-3070A6A3F97C}.Release|Win32.ActiveCfg = Release|Win32
		{593B9F05-FACA-471E-801F-3070A6A3F97C}.Release|Win32.Build.0 = Release|Win32
		{9A83CACA-9CF7-42BA-860A-03AF02A2965E}.Debug|Win32.ActiveCfg = Debug|Win32
		{9A83CACA-9CF7-42BA-860A-03AF02A2965E}.Debug|Win32.Build.0 = Debug|Win32
		{9A83CACA-9CF7-42BA-860A-03AF02A2965E}.Release|Win32.ActiveCfg = Release|Win32
		{9A83CACA-9CF7-42BA-860A-03AF02A2965E}.Release|Win32.Build.0 = Release|Win32
		{3909783F-82A0-421B-980C-3775712E16C2}.Debug|Win32.ActiveCfg = Debug|Win32
		{3909783F-82A0-421B-980C-3775712E16C2}.Debug|Win32.Build.0 = Debug|Win32
		{3909783F-82A0-421B-980C-3775712E16C2}.Release|Win32.ActiveCfg = Release|Win32
		{3909783F-82A0-421B-980C-3775712E16C2}.Release|Win32.Build.0 = Release|Win32
		{869AF81B-A977-42EC-A306-BB3816CB3544}.Debug|Win32.ActiveCfg = Debug|Win32
		{869AF81B-A977-42EC-A306-BB3816CB3544}.Debug|Win32.Build.0 = Debug|Win32
		{869AF81B-A977-42EC-A306-BB3816CB3544}.Release|Win32.ActiveCfg = Release|Win32
		{869AF81B-A977-42EC-A306-BB3816CB3544}.Release|Win32.Build.0 = Release|Win32
		{5CB1A29D-8796-454D-B03D-8E2E63F01AC2}.Debug|Win32.ActiveCfg = Debug|Win32
		{5CB1A29D-8796-454D-B03D-8E2E63F01AC2}.Debug|Win32.Build.0 = Debug|Win32
		{5CB1A29D-8796-454D-B03D-8E2E63F01AC2}.Release|Win32.ActiveCfg = Release|Win32
		{5CB1A29D-8796-454D-B03D-8E2E63F01AC2}.Release|Win32.Build.0 = Release|Win32
		{614ACAFE-3B51-4798-A77A-6ABE0864DB4D}.Debug|Win32.ActiveCfg = Debug|Win32
		{614ACAFE-3B51-4798-A77A-6ABE0864DB4D}.Debug|Win32.Build.0 = Debug|Win32
		{614ACAFE-3B51-4798-A77A-6ABE0864DB4D}.Release|Win32.ActiveCfg = Release|Win32
		{614ACAFE-3B51-4798-A77A-6ABE0864DB4D}.Release|Win32.Build.0 = Release|Win32
	EndGlobalSection
	GlobalSection(SolutionProperties) = preSolution
		HideSolutionNode = FALSE
	EndGlobalSection
	GlobalSection(NestedProjects) = preSolution
		{55AED23D-A87B-453A-AAF2-3DF35B2E7568} = {CBA40D58-BAE3-4403-9FFA-B11621671E30}
		{C442B610-110D-41B0-86B8-0B3416989DBE} = {80F71B56-CBCC-46D6-8516-A8F58C7C8A88}
		{6D3897B8-4BFA-4DD6-8AD7-F2CC5679344B} = {80F71B56-CBCC-46D6-8516-A8F58C7C8A88}
		{792C6175-7168-46C3-BB80-CBF218265CF4} = {80F71B56-CBCC-46D6-8516-A8F58C7C8A88}
		{4C78E08D-DC11-4B7D-8CCD-5BE343D596F4} = {80F71B56-CBCC-46D6-8516-A8F58C7C8A88}
		{F3E67B78-81A4-47BD-82C2-8F925F7D37D1} = {4BAC1B7F-BC7E-4B42-9EAA-C358BC61C3FD}
		{53368D11-A37D-4274-94B5-4E7BC39FC5DB} = {4BAC1B7F-BC7E-4B42-9EAA-C358BC61C3FD}
		{842AFF4A-319E-4964-90D8-6414D873D79A} = {4BAC1B7F-BC7E-4B42-9EAA-C358BC61C3FD}
		{ACE2DA81-74EF-4528-A9E4-BEE26C3473CE} = {4BAC1B7F-BC7E-4B42-9EAA-C358BC61C3FD}
		{869AF81B-A977-42EC-A306-BB3816CB3544} = {4BAC1B7F-BC7E-4B42-9EAA-C358BC61C3FD}
		{9E375952-443D-4979-911A-11F77E2DB224} = {61855C76-C607-4AF7-91C6-8FDC89F14B11}
		{34A415A0-AC06-427E-BE20-AC78342255DB} = {61855C76-C607-4AF7-91C6-8FDC89F14B11}
		{300D6681-3A75-490C-8081-015C2F1BE665} = {61855C76-C607-4AF7-91C6-8FDC89F14B11}
		{5CB1A29D-8796-454D-B03D-8E2E63F01AC2} = {61855C76-C607-4AF7-91C6-8FDC89F14B11}
		{F6A9F85D-C1AC-4146-823B-71187DCEDEB6} = {898A2287-7204-48B8-9129-7DA233D5D2A1}
		{E272D559-6930-49BE-8638-BA702B9BA51F} = {898A2287-7204-48B8-9129-7DA233D5D2A1}
		{4AA88D45-B9F9-46CE-866B-37B61042934B} = {FFC64567-3F79-40A0-AC4D-2458467205BD}
		{EFB6CF18-10AB-48BF-88A1-AA57EF078182} = {8AF0F79C-7134-4A21-8B05-120DD4C7162E}
		{07049B77-5EE5-4802-B0AD-D02670694C7C} = {25208DE5-ACD8-4C26-A4D8-2F9E4B6A7D64}
		{593B9F05-FACA-471E-801F-3070A6A3F97C} = {E7A06C75-1BC6-4981-9AD0-CAD749CAC34C}
		{614ACAFE-3B51-4798-A77A-6ABE0864DB4D} = {E7A06C75-1BC6-4981-9AD0-CAD749CAC34C}
		{9A83CACA-9CF7-42BA-860A-03AF02A2965E} = {EA830FA7-E7D9-44B0-8638-28A1065ADAC8}
	EndGlobalSection
EndGlobal
