
Microsoft Visual Studio Solution File, Format Version 11.00
# Visual Studio 2010
Project("{FAE04EC0-301F-11D3-BF4B-00C04F79EFBC}") = "MD5", "MD5\MD5.csproj", "{BEFDD450-8A59-4DA5-9AC3-B3502A476E3E}"
EndProject
Project("{FAE04EC0-301F-11D3-BF4B-00C04F79EFBC}") = "StringFormat", "StringFormat\StringFormat.csproj", "{8591E7C5-5367-46D2-A97B-6E6697884A2B}"
EndProject
Project("{FAE04EC0-301F-11D3-BF4B-00C04F79EFBC}") = "Exception", "Exception\Exception.csproj", "{E8F7EA39-A0DB-4B71-B774-1FE5E0D46431}"
EndProject
Project("{FAE04EC0-301F-11D3-BF4B-00C04F79EFBC}") = "MyCtls", "MyCtls\MyCtls.csproj", "{8ED5A3BC-BB89-446B-BA4D-762CA2D3F157}"
EndProject
Project("{FAE04EC0-301F-11D3-BF4B-00C04F79EFBC}") = "TestParallel", "TestParallel\TestParallel.csproj", "{3B6349C8-A419-4ACC-9E83-F527B278201D}"
EndProject
Project("{FAE04EC0-301F-11D3-BF4B-00C04F79EFBC}") = "XamlResource", "XamlResource\XamlResource.csproj", "{08D36DC0-1BB6-46C0-A49F-1EBD3DDEAC63}"
EndProject
Project("{FAE04EC0-301F-11D3-BF4B-00C04F79EFBC}") = "AdornerSimple", "AdornerSimple\AdornerSimple.csproj", "{4E261BA1-5758-4AFE-9325-BA123CE12B86}"
EndProject
Project("{2150E333-8FDC-42A3-9474-1A3956D46DE8}") = "Libraries", "Libraries", "{D5934590-722C-4796-A8FE-7560625C3B4B}"
EndProject
Project("{FAE04EC0-301F-11D3-BF4B-00C04F79EFBC}") = "Cpu", "Cpu\Cpu.csproj", "{C97DB606-6D47-4826-9FA1-D75476E2091D}"
EndProject
Project("{FAE04EC0-301F-11D3-BF4B-00C04F79EFBC}") = "Timers", "Timers\Timers.csproj", "{2491214B-23EC-4BC2-A7DC-7B5C21B771FE}"
EndProject
Global
	GlobalSection(SolutionConfigurationPlatforms) = preSolution
		Debug|Any CPU = Debug|Any CPU
		Debug|x64 = Debug|x64
		Debug|x86 = Debug|x86
		Release|Any CPU = Release|Any CPU
		Release|x64 = Release|x64
		Release|x86 = Release|x86
	EndGlobalSection
	GlobalSection(ProjectConfigurationPlatforms) = postSolution
		{BEFDD450-8A59-4DA5-9AC3-B3502A476E3E}.Debug|Any CPU.ActiveCfg = Debug|Any CPU
		{BEFDD450-8A59-4DA5-9AC3-B3502A476E3E}.Debug|Any CPU.Build.0 = Debug|Any CPU
		{BEFDD450-8A59-4DA5-9AC3-B3502A476E3E}.Debug|x64.ActiveCfg = Debug|x86
		{BEFDD450-8A59-4DA5-9AC3-B3502A476E3E}.Debug|x86.ActiveCfg = Debug|x86
		{BEFDD450-8A59-4DA5-9AC3-B3502A476E3E}.Debug|x86.Build.0 = Debug|x86
		{BEFDD450-8A59-4DA5-9AC3-B3502A476E3E}.Release|Any CPU.ActiveCfg = Release|Any CPU
		{BEFDD450-8A59-4DA5-9AC3-B3502A476E3E}.Release|Any CPU.Build.0 = Release|Any CPU
		{BEFDD450-8A59-4DA5-9AC3-B3502A476E3E}.Release|x64.ActiveCfg = Release|x86
		{BEFDD450-8A59-4DA5-9AC3-B3502A476E3E}.Release|x86.ActiveCfg = Release|Any CPU
		{8591E7C5-5367-46D2-A97B-6E6697884A2B}.Debug|Any CPU.ActiveCfg = Debug|x86
		{8591E7C5-5367-46D2-A97B-6E6697884A2B}.Debug|x64.ActiveCfg = Debug|x86
		{8591E7C5-5367-46D2-A97B-6E6697884A2B}.Debug|x86.ActiveCfg = Debug|x86
		{8591E7C5-5367-46D2-A97B-6E6697884A2B}.Debug|x86.Build.0 = Debug|x86
		{8591E7C5-5367-46D2-A97B-6E6697884A2B}.Release|Any CPU.ActiveCfg = Release|x86
		{8591E7C5-5367-46D2-A97B-6E6697884A2B}.Release|x64.ActiveCfg = Release|x86
		{8591E7C5-5367-46D2-A97B-6E6697884A2B}.Release|x86.ActiveCfg = Release|x86
		{8591E7C5-5367-46D2-A97B-6E6697884A2B}.Release|x86.Build.0 = Release|x86
		{E8F7EA39-A0DB-4B71-B774-1FE5E0D46431}.Debug|Any CPU.ActiveCfg = Debug|x86
		{E8F7EA39-A0DB-4B71-B774-1FE5E0D46431}.Debug|x64.ActiveCfg = Debug|x86
		{E8F7EA39-A0DB-4B71-B774-1FE5E0D46431}.Debug|x86.ActiveCfg = Debug|x86
		{E8F7EA39-A0DB-4B71-B774-1FE5E0D46431}.Debug|x86.Build.0 = Debug|x86
		{E8F7EA39-A0DB-4B71-B774-1FE5E0D46431}.Release|Any CPU.ActiveCfg = Release|x86
		{E8F7EA39-A0DB-4B71-B774-1FE5E0D46431}.Release|x64.ActiveCfg = Release|x86
		{E8F7EA39-A0DB-4B71-B774-1FE5E0D46431}.Release|x86.ActiveCfg = Release|x86
		{E8F7EA39-A0DB-4B71-B774-1FE5E0D46431}.Release|x86.Build.0 = Release|x86
		{8ED5A3BC-BB89-446B-BA4D-762CA2D3F157}.Debug|Any CPU.ActiveCfg = Debug|x86
		{8ED5A3BC-BB89-446B-BA4D-762CA2D3F157}.Debug|x64.ActiveCfg = Debug|x86
		{8ED5A3BC-BB89-446B-BA4D-762CA2D3F157}.Debug|x86.ActiveCfg = Debug|x86
		{8ED5A3BC-BB89-446B-BA4D-762CA2D3F157}.Debug|x86.Build.0 = Debug|x86
		{8ED5A3BC-BB89-446B-BA4D-762CA2D3F157}.Release|Any CPU.ActiveCfg = Release|x86
		{8ED5A3BC-BB89-446B-BA4D-762CA2D3F157}.Release|x64.ActiveCfg = Release|x86
		{8ED5A3BC-BB89-446B-BA4D-762CA2D3F157}.Release|x86.ActiveCfg = Release|x86
		{8ED5A3BC-BB89-446B-BA4D-762CA2D3F157}.Release|x86.Build.0 = Release|x86
		{3B6349C8-A419-4ACC-9E83-F527B278201D}.Debug|Any CPU.ActiveCfg = Debug|x86
		{3B6349C8-A419-4ACC-9E83-F527B278201D}.Debug|x64.ActiveCfg = Debug|x86
		{3B6349C8-A419-4ACC-9E83-F527B278201D}.Debug|x86.ActiveCfg = Debug|x86
		{3B6349C8-A419-4ACC-9E83-F527B278201D}.Debug|x86.Build.0 = Debug|x86
		{3B6349C8-A419-4ACC-9E83-F527B278201D}.Release|Any CPU.ActiveCfg = Release|x86
		{3B6349C8-A419-4ACC-9E83-F527B278201D}.Release|x64.ActiveCfg = Release|x86
		{3B6349C8-A419-4ACC-9E83-F527B278201D}.Release|x86.ActiveCfg = Release|x86
		{3B6349C8-A419-4ACC-9E83-F527B278201D}.Release|x86.Build.0 = Release|x86
		{08D36DC0-1BB6-46C0-A49F-1EBD3DDEAC63}.Debug|Any CPU.ActiveCfg = Debug|x86
		{08D36DC0-1BB6-46C0-A49F-1EBD3DDEAC63}.Debug|x64.ActiveCfg = Debug|x86
		{08D36DC0-1BB6-46C0-A49F-1EBD3DDEAC63}.Debug|x86.ActiveCfg = Debug|x86
		{08D36DC0-1BB6-46C0-A49F-1EBD3DDEAC63}.Debug|x86.Build.0 = Debug|x86
		{08D36DC0-1BB6-46C0-A49F-1EBD3DDEAC63}.Release|Any CPU.ActiveCfg = Release|x86
		{08D36DC0-1BB6-46C0-A49F-1EBD3DDEAC63}.Release|x64.ActiveCfg = Release|x86
		{08D36DC0-1BB6-46C0-A49F-1EBD3DDEAC63}.Release|x86.ActiveCfg = Release|x86
		{08D36DC0-1BB6-46C0-A49F-1EBD3DDEAC63}.Release|x86.Build.0 = Release|x86
		{4E261BA1-5758-4AFE-9325-BA123CE12B86}.Debug|Any CPU.ActiveCfg = Debug|x86
		{4E261BA1-5758-4AFE-9325-BA123CE12B86}.Debug|x64.ActiveCfg = Debug|x86
		{4E261BA1-5758-4AFE-9325-BA123CE12B86}.Debug|x86.ActiveCfg = Debug|x86
		{4E261BA1-5758-4AFE-9325-BA123CE12B86}.Debug|x86.Build.0 = Debug|x86
		{4E261BA1-5758-4AFE-9325-BA123CE12B86}.Release|Any CPU.ActiveCfg = Release|x86
		{4E261BA1-5758-4AFE-9325-BA123CE12B86}.Release|x64.ActiveCfg = Release|x86
		{4E261BA1-5758-4AFE-9325-BA123CE12B86}.Release|x86.ActiveCfg = Release|x86
		{4E261BA1-5758-4AFE-9325-BA123CE12B86}.Release|x86.Build.0 = Release|x86
		{C97DB606-6D47-4826-9FA1-D75476E2091D}.Debug|Any CPU.ActiveCfg = Debug|x64
		{C97DB606-6D47-4826-9FA1-D75476E2091D}.Debug|x64.ActiveCfg = Debug|x64
		{C97DB606-6D47-4826-9FA1-D75476E2091D}.Debug|x64.Build.0 = Debug|x64
		{C97DB606-6D47-4826-9FA1-D75476E2091D}.Debug|x86.ActiveCfg = Debug|x86
		{C97DB606-6D47-4826-9FA1-D75476E2091D}.Debug|x86.Build.0 = Debug|x86
		{C97DB606-6D47-4826-9FA1-D75476E2091D}.Release|Any CPU.ActiveCfg = Release|x64
		{C97DB606-6D47-4826-9FA1-D75476E2091D}.Release|x64.ActiveCfg = Release|x64
		{C97DB606-6D47-4826-9FA1-D75476E2091D}.Release|x64.Build.0 = Release|x64
		{C97DB606-6D47-4826-9FA1-D75476E2091D}.Release|x86.ActiveCfg = Release|x86
		{C97DB606-6D47-4826-9FA1-D75476E2091D}.Release|x86.Build.0 = Release|x86
		{2491214B-23EC-4BC2-A7DC-7B5C21B771FE}.Debug|Any CPU.ActiveCfg = Debug|x86
		{2491214B-23EC-4BC2-A7DC-7B5C21B771FE}.Debug|x64.ActiveCfg = Debug|x86
		{2491214B-23EC-4BC2-A7DC-7B5C21B771FE}.Debug|x86.ActiveCfg = Debug|x86
		{2491214B-23EC-4BC2-A7DC-7B5C21B771FE}.Debug|x86.Build.0 = Debug|x86
		{2491214B-23EC-4BC2-A7DC-7B5C21B771FE}.Release|Any CPU.ActiveCfg = Release|x86
		{2491214B-23EC-4BC2-A7DC-7B5C21B771FE}.Release|x64.ActiveCfg = Release|x86
		{2491214B-23EC-4BC2-A7DC-7B5C21B771FE}.Release|x86.ActiveCfg = Release|x86
		{2491214B-23EC-4BC2-A7DC-7B5C21B771FE}.Release|x86.Build.0 = Release|x86
	EndGlobalSection
	GlobalSection(SolutionProperties) = preSolution
		HideSolutionNode = FALSE
	EndGlobalSection
	GlobalSection(NestedProjects) = preSolution
		{8ED5A3BC-BB89-446B-BA4D-762CA2D3F157} = {D5934590-722C-4796-A8FE-7560625C3B4B}
		{BEFDD450-8A59-4DA5-9AC3-B3502A476E3E} = {D5934590-722C-4796-A8FE-7560625C3B4B}
		{C97DB606-6D47-4826-9FA1-D75476E2091D} = {D5934590-722C-4796-A8FE-7560625C3B4B}
	EndGlobalSection
EndGlobal
